Microsoft Visual Studio Solution File, Format Version 11.00
# Visual Studio 2008

Project("{575E0DC3-E4B2-4D90-D2A2-16D4DC5D0F09}") = "Tech", "Assembly-CSharp.csproj", "{E04429A5-46E2-EB58-E40D-0DB7A995D054}"
EndProject
Global
	GlobalSection(SolutionConfigurationPlatforms) = preSolution
		Debug|Any CPU = Debug|Any CPU
		Release|Any CPU = Release|Any CPU
	EndGlobalSection
	GlobalSection(ProjectConfigurationPlatforms) = postSolution
		{E04429A5-46E2-EB58-E40D-0DB7A995D054}.Debug|Any CPU.ActiveCfg = Debug|Any CPU
		{E04429A5-46E2-EB58-E40D-0DB7A995D054}.Debug|Any CPU.Build.0 = Debug|Any CPU
		{E04429A5-46E2-EB58-E40D-0DB7A995D054}.Release|Any CPU.ActiveCfg = Release|Any CPU
		{E04429A5-46E2-EB58-E40D-0DB7A995D054}.Release|Any CPU.Build.0 = Release|Any CPU
	EndGlobalSection
	GlobalSection(SolutionProperties) = preSolution
		HideSolutionNode = FALSE
	EndGlobalSection
	GlobalSection(MonoDevelopProperties) = preSolution
		StartupItem = Assembly-CSharp.csproj
	EndGlobalSection
EndGlobal
